Microsoft Visual Studio Solution File, Format Version 12.00
# Visual Studio Version 17
VisualStudioVersion = 17.5.2.0
MinimumVisualStudioVersion = 10.0.40219.1
Project("{FAE04EC0-301F-11D3-BF4B-00C04F79EFBC}") = "MomentoShary.Backend", "MomentoShary.Backend.csproj", "{1550B949-605A-B584-7A90-EEBA74457B92}"
EndProject
Global
	GlobalSection(SolutionConfigurationPlatforms) = preSolution
		Debug|Any CPU = Debug|Any CPU
		Release|Any CPU = Release|Any CPU
	EndGlobalSection
	GlobalSection(ProjectConfigurationPlatforms) = postSolution
		{1550B949-605A-B584-7A90-EEBA74457B92}.Debug|Any CPU.ActiveCfg = Debug|Any CPU
		{1550B949-605A-B584-7A90-EEBA74457B92}.Debug|Any CPU.Build.0 = Debug|Any CPU
		{1550B949-605A-B584-7A90-EEBA74457B92}.Release|Any CPU.ActiveCfg = Release|Any CPU
		{1550B949-605A-B584-7A90-EEBA74457B92}.Release|Any CPU.Build.0 = Release|Any CPU
	EndGlobalSection
	GlobalSection(SolutionProperties) = preSolution
		HideSolutionNode = FALSE
	EndGlobalSection
	GlobalSection(ExtensibilityGlobals) = postSolution
		SolutionGuid = {800550A5-0EC0-4117-8FDC-CB1E623E2BD5}
	EndGlobalSection
EndGlobal
